
Microsoft Visual Studio Solution File, Format Version 12.00
# Visual Studio Version 17
VisualStudioVersion = 17.1.32414.318
MinimumVisualStudioVersion = 10.0.40219.1
Project("{FAE04EC0-301F-11D3-BF4B-00C04F79EFBC}") = "SSHTest", "SSHTest\SSHTest.csproj", "{6CEFC1B3-DA9C-4448-B03C-D1047E46FB3C}"
EndProject
Global
	GlobalSection(SolutionConfigurationPlatforms) = preSolution
		Debug|Any CPU = Debug|Any CPU
		Release|Any CPU = Release|Any CPU
	EndGlobalSection
	GlobalSection(ProjectConfigurationPlatforms) = postSolution
		{6CEFC1B3-DA9C-4448-B03C-D1047E46FB3C}.Debug|Any CPU.ActiveCfg = Debug|Any CPU
		{6CEFC1B3-DA9C-4448-B03C-D1047E46FB3C}.Debug|Any CPU.Build.0 = Debug|Any CPU
		{6CEFC1B3-DA9C-4448-B03C-D1047E46FB3C}.Release|Any CPU.ActiveCfg = Release|Any CPU
		{6CEFC1B3-DA9C-4448-B03C-D1047E46FB3C}.Release|Any CPU.Build.0 = Release|Any CPU
	EndGlobalSection
	GlobalSection(SolutionProperties) = preSolution
		HideSolutionNode = FALSE
	EndGlobalSection
	GlobalSection(ExtensibilityGlobals) = postSolution
		SolutionGuid = {301A6377-9640-469D-A9BF-80EA0363CBCD}
	EndGlobalSection
EndGlobal
